{
  "name": "dev",
  "lockfileVersion": 3,
  "requires": true,
  "packages": {
    "": {
      "dependencies": {
        "php-fpm": "^1.1.0"
      }
    },
    "node_modules/fastcgi-client": {
      "version": "0.0.1",
      "resolved": "https://registry.npmjs.org/fastcgi-client/-/fastcgi-client-0.0.1.tgz",
      "integrity": "sha512-aMf/0cYWJq5ggiuIQpS93Ff//CJUImPql2rzaT3hAMJrOLZUCrwAGsvrjPKb+FJ01IJtxigxPhnF/uzdIhePGg==",
      "engines": {
        "node": "^0.10.0 || ^4.0.0 || ^5.0.0"
      }
    },
    "node_modules/php-fpm": {
      "version": "1.1.0",
      "resolved": "https://registry.npmjs.org/php-fpm/-/php-fpm-1.1.0.tgz",
      "integrity": "sha512-YdagrHukigsjyPqG+MN6SzZVZDbwp/dmcKThbDUB5YwJeDr1e19jxEwNdGIs4Tbt7k92YVouI/BU71CzWFFNZg==",
      "dependencies": {
        "fastcgi-client": "0.0.1"
      }
    }
  }
}
